
Microsoft Visual Studio Solution File, Format Version 12.00
# Visual Studio Version 17
VisualStudioVersion = 17.5.33530.505
MinimumVisualStudioVersion = 10.0.40219.1
Project("{FAE04EC0-301F-11D3-BF4B-00C04F79EFBC}") = "randomxhair", "randomxhair\randomxhair.csproj", "{84E20866-ADE2-4D9D-A413-26E4404B2CA1}"
EndProject
Global
	GlobalSection(SolutionConfigurationPlatforms) = preSolution
		Debug|Any CPU = Debug|Any CPU
		Release|Any CPU = Release|Any CPU
	EndGlobalSection
	GlobalSection(ProjectConfigurationPlatforms) = postSolution
		{84E20866-ADE2-4D9D-A413-26E4404B2CA1}.Debug|Any CPU.ActiveCfg = Debug|Any CPU
		{84E20866-ADE2-4D9D-A413-26E4404B2CA1}.Debug|Any CPU.Build.0 = Debug|Any CPU
		{84E20866-ADE2-4D9D-A413-26E4404B2CA1}.Release|Any CPU.ActiveCfg = Release|Any CPU
		{84E20866-ADE2-4D9D-A413-26E4404B2CA1}.Release|Any CPU.Build.0 = Release|Any CPU
	EndGlobalSection
	GlobalSection(SolutionProperties) = preSolution
		HideSolutionNode = FALSE
	EndGlobalSection
	GlobalSection(ExtensibilityGlobals) = postSolution
		SolutionGuid = {6ACEED46-7DDF-40C0-9E17-D91303330233}
	EndGlobalSection
EndGlobal
